
Microsoft Visual Studio Solution File, Format Version 12.00
# Visual Studio Version 16
VisualStudioVersion = 16.0.29111.141
MinimumVisualStudioVersion = 10.0.40219.1
Project("{FAE04EC0-301F-11D3-BF4B-00C04F79EFBC}") = "SimpleCsharpCompiler", "SimpleCsharpCompiler.csproj", "{7AD1C05B-ED63-4CCA-B059-9204D70272CD}"
EndProject
Global
	GlobalSection(SolutionConfigurationPlatforms) = preSolution
		Debug|Any CPU = Debug|Any CPU
		Release|Any CPU = Release|Any CPU
	EndGlobalSection
	GlobalSection(ProjectConfigurationPlatforms) = postSolution
		{7AD1C05B-ED63-4CCA-B059-9204D70272CD}.Debug|Any CPU.ActiveCfg = Debug|Any CPU
		{7AD1C05B-ED63-4CCA-B059-9204D70272CD}.Debug|Any CPU.Build.0 = Debug|Any CPU
		{7AD1C05B-ED63-4CCA-B059-9204D70272CD}.Release|Any CPU.ActiveCfg = Release|Any CPU
		{7AD1C05B-ED63-4CCA-B059-9204D70272CD}.Release|Any CPU.Build.0 = Release|Any CPU
	EndGlobalSection
	GlobalSection(SolutionProperties) = preSolution
		HideSolutionNode = FALSE
	EndGlobalSection
	GlobalSection(ExtensibilityGlobals) = postSolution
		SolutionGuid = {702487C4-F18A-493B-A6A8-EA33DF146F68}
	EndGlobalSection
EndGlobal
